{
    "_readme": [
        "This file locks the dependencies of your project to a known state",
        "Read more about it at https://getcomposer.org/doc/01-basic-usage.md#installing-dependencies",
        "This file is @generated automatically"
    ],
    "content-hash": "c7dd28095b7b54465abe40aba186ca24",
    "packages": [
        {
            "name": "pantian/server-framework",
            "version": "0.0.2",
            "source": {
                "type": "git",
                "url": "https://github.com/pantian/server-framework.git",
                "reference": "b07894f9ffd9ff89acdca661e4b839f7e3906340"
            },
            "dist": {
                "type": "zip",
                "url": "https://api.github.com/repos/pantian/server-framework/zipball/b07894f9ffd9ff89acdca661e4b839f7e3906340",
                "reference": "b07894f9ffd9ff89acdca661e4b839f7e3906340",
                "shasum": ""
            },
            "require": {
                "ext-swoole": ">=4.4",
                "php": ">=7.1"
            },
            "type": "library",
            "autoload": {
                "psr-4": {
                    "PTFramework\\": "src/"
                }
            },
            "notification-url": "https://packagist.org/downloads/",
            "license": [
                "Apache-2.0"
            ],
            "authors": [
                {
                    "name": "pan tian",
                    "email": "pt444@126.com"
                }
            ],
            "description": "server framework",
            "keywords": [
                "Simple",
                "coroutine",
                "php",
                "simps",
                "swoole"
            ],
            "support": {
                "issues": "https://github.com/pantian/server-framework/issues",
                "source": "https://github.com/pantian/server-framework/tree/0.0.2"
            },
            "time": "2021-01-04T02:37:44+00:00"
        }
    ],
    "packages-dev": [],
    "aliases": [],
    "minimum-stability": "stable",
    "stability-flags": [],
    "prefer-stable": false,
    "prefer-lowest": false,
    "platform": [],
    "platform-dev": [],
    "plugin-api-version": "2.0.0"
}
